// !$*UTF8*$!
{
	archiveVersion = 1;
	classes = {
	};
	objectVersion = 55;
	objects = {

/* Begin PBXBuildFile section */
		EA831BB427A993A000828B30 /* Tests_iOS.swift in Sources */ = {isa = PBXBuildFile; fileRef = EA831BB327A993A000828B30 /* Tests_iOS.swift */; };
		EA831BB627A993A000828B30 /* Tests_iOSLaunchTests.swift in Sources */ = {isa = PBXBuildFile; fileRef = EA831BB527A993A000828B30 /* Tests_iOSLaunchTests.swift */; };
		EA831BC027A993A000828B30 /* Tests_macOS.swift in Sources */ = {isa = PBXBuildFile; fileRef = EA831BBF27A993A000828B30 /* Tests_macOS.swift */; };
		EA831BC227A993A000828B30 /* Tests_macOSLaunchTests.swift in Sources */ = {isa = PBXBuildFile; fileRef = EA831BC127A993A000828B30 /* Tests_macOSLaunchTests.swift */; };
		EA831BC327A993A000828B30 /* trabajoGitApp.swift in Sources */ = {isa = PBXBuildFile; fileRef = EA831B9B27A9939D00828B30 /* trabajoGitApp.swift */; };
		EA831BC427A993A000828B30 /* trabajoGitApp.swift in Sources */ = {isa = PBXBuildFile; fileRef = EA831B9B27A9939D00828B30 /* trabajoGitApp.swift */; };
		EA831BC527A993A000828B30 /* ContentView.swift in Sources */ = {isa = PBXBuildFile; fileRef = EA831B9C27A9939D00828B30 /* ContentView.swift */; };
		EA831BC627A993A000828B30 /* ContentView.swift in Sources */ = {isa = PBXBuildFile; fileRef = EA831B9C27A9939D00828B30 /* ContentView.swift */; };
		EA831BC727A993A000828B30 /* Assets.xcassets in Resources */ = {isa = PBXBuildFile; fileRef = EA831B9D27A993A000828B30 /* Assets.xcassets */; };
		EA831BC827A993A000828B30 /* Assets.xcassets in Resources */ = {isa = PBXBuildFile; fileRef = EA831B9D27A993A000828B30 /* Assets.xcassets */; };
		EAB9EF6E27A9D58900A1B120 /* obsObject.swift in Sources */ = {isa = PBXBuildFile; fileRef = EAB9EF6D27A9D58900A1B120 /* obsObject.swift */; };
		EAB9EF6F27A9D58900A1B120 /* obsObject.swift in Sources */ = {isa = PBXBuildFile; fileRef = EAB9EF6D27A9D58900A1B120 /* obsObject.swift */; };
		EAB9EF7127A9D6C500A1B120 /* stateEjemplo.swift in Sources */ = {isa = PBXBuildFile; fileRef = EAB9EF7027A9D6C500A1B120 /* stateEjemplo.swift */; };
		EAB9EF7227A9D6C500A1B120 /* stateEjemplo.swift in Sources */ = {isa = PBXBuildFile; fileRef = EAB9EF7027A9D6C500A1B120 /* stateEjemplo.swift */; };
/* End PBXBuildFile section */

/* Begin PBXContainerItemProxy section */
		EA831BB027A993A000828B30 /* PBXContainerItemProxy */ = {
			isa = PBXContainerItemProxy;
			containerPortal = EA831B9627A9939D00828B30 /* Project object */;
			proxyType = 1;
			remoteGlobalIDString = EA831BA127A993A000828B30;
			remoteInfo = "trabajoGit (iOS)";
		};
		EA831BBC27A993A000828B30 /* PBXContainerItemProxy */ = {
			isa = PBXContainerItemProxy;
			containerPortal = EA831B9627A9939D00828B30 /* Project object */;
			proxyType = 1;
			remoteGlobalIDString = EA831BA727A993A000828B30;
			remoteInfo = "trabajoGit (macOS)";
		};
/* End PBXContainerItemProxy section */

/* Begin PBXFileReference section */
		EA831B9B27A9939D00828B30 /* trabajoGitApp.swift */ = {isa = PBXFileReference; lastKnownFileType = sourcecode.swift; path = trabajoGitApp.swift; sourceTree = "<group>"; };
		EA831B9C27A9939D00828B30 /* ContentView.swift */ = {isa = PBXFileReference; lastKnownFileType = sourcecode.swift; path = ContentView.swift; sourceTree = "<group>"; };
		EA831B9D27A993A000828B30 /* Assets.xcassets */ = {isa = PBXFileReference; lastKnownFileType = folder.assetcatalog; path = Assets.xcassets; sourceTree = "<group>"; };
		EA831BA227A993A000828B30 /* trabajoGit.app */ = {isa = PBXFileReference; explicitFileType = wrapper.application; includeInIndex = 0; path = trabajoGit.app; sourceTree = BUILT_PRODUCTS_DIR; };
		EA831BA827A993A000828B30 /* trabajoGit.app */ = {isa = PBXFileReference; explicitFileType = wrapper.application; includeInIndex = 0; path = trabajoGit.app; sourceTree = BUILT_PRODUCTS_DIR; };
		EA831BAA27A993A000828B30 /* macOS.entitlements */ = {isa = PBXFileReference; lastKnownFileType = text.plist.entitlements; path = macOS.entitlements; sourceTree = "<group>"; };
		EA831BAF27A993A000828B30 /* Tests iOS.xctest */ = {isa = PBXFileReference; explicitFileType = wrapper.cfbundle; includeInIndex = 0; path = "Tests iOS.xctest"; sourceTree = BUILT_PRODUCTS_DIR; };
		EA831BB327A993A000828B30 /* Tests_iOS.swift */ = {isa = PBXFileReference; lastKnownFileType = sourcecode.swift; path = Tests_iOS.swift; sourceTree = "<group>"; };
		EA831BB527A993A000828B30 /* Tests_iOSLaunchTests.swift */ = {isa = PBXFileReference; lastKnownFileType = sourcecode.swift; path = Tests_iOSLaunchTests.swift; sourceTree = "<group>"; };
		EA831BBB27A993A000828B30 /* Tests macOS.xctest */ = {isa = PBXFileReference; explicitFileType = wrapper.cfbundle; includeInIndex = 0; path = "Tests macOS.xctest"; sourceTree = BUILT_PRODUCTS_DIR; };
		EA831BBF27A993A000828B30 /* Tests_macOS.swift */ = {isa = PBXFileReference; lastKnownFileType = sourcecode.swift; path = Tests_macOS.swift; sourceTree = "<group>"; };
		EA831BC127A993A000828B30 /* Tests_macOSLaunchTests.swift */ = {isa = PBXFileReference; lastKnownFileType = sourcecode.swift; path = Tests_macOSLaunchTests.swift; sourceTree = "<group>"; };
		EAB9EF6D27A9D58900A1B120 /* obsObject.swift */ = {isa = PBXFileReference; lastKnownFileType = sourcecode.swift; path = obsObject.swift; sourceTree = "<group>"; };
		EAB9EF7027A9D6C500A1B120 /* stateEjemplo.swift */ = {isa = PBXFileReference; lastKnownFileType = sourcecode.swift; path = stateEjemplo.swift; sourceTree = "<group>"; };
/* End PBXFileReference section */

/* Begin PBXFrameworksBuildPhase section */
		EA831B9F27A993A000828B30 /* Frameworks */ = {
			isa = PBXFrameworksBuildPhase;
			buildActionMask = 2147483647;
			files = (
			);
			runOnlyForDeploymentPostprocessing = 0;
		};
		EA831BA527A993A000828B30 /* Frameworks */ = {
			isa = PBXFrameworksBuildPhase;
			buildActionMask = 2147483647;
			files = (
			);
			runOnlyForDeploymentPostprocessing = 0;
		};
		EA831BAC27A993A000828B30 /* Frameworks */ = {
			isa = PBXFrameworksBuildPhase;
			buildActionMask = 2147483647;
			files = (
			);
			runOnlyForDeploymentPostprocessing = 0;
		};
		EA831BB827A993A000828B30 /* Frameworks */ = {
			isa = PBXFrameworksBuildPhase;
			buildActionMask = 2147483647;
			files = (
			);
			runOnlyForDeploymentPostprocessing = 0;
		};
/* End PBXFrameworksBuildPhase section */

/* Begin PBXGroup section */
		EA831B9527A9939D00828B30 = {
			isa = PBXGroup;
			children = (
				EA831B9A27A9939D00828B30 /* Shared */,
				EA831BA927A993A000828B30 /* macOS */,
				EA831BB227A993A000828B30 /* Tests iOS */,
				EA831BBE27A993A000828B30 /* Tests macOS */,
				EA831BA327A993A000828B30 /* Products */,
			);
			sourceTree = "<group>";
		};
		EA831B9A27A9939D00828B30 /* Shared */ = {
			isa = PBXGroup;
			children = (
				EA831B9B27A9939D00828B30 /* trabajoGitApp.swift */,
				EA831B9C27A9939D00828B30 /* ContentView.swift */,
				EAB9EF7027A9D6C500A1B120 /* stateEjemplo.swift */,
				EAB9EF6D27A9D58900A1B120 /* obsObject.swift */,
				EA831B9D27A993A000828B30 /* Assets.xcassets */,
			);
			path = Shared;
			sourceTree = "<group>";
		};
		EA831BA327A993A000828B30 /* Products */ = {
			isa = PBXGroup;
			children = (
				EA831BA227A993A000828B30 /* trabajoGit.app */,
				EA831BA827A993A000828B30 /* trabajoGit.app */,
				EA831BAF27A993A000828B30 /* Tests iOS.xctest */,
				EA831BBB27A993A000828B30 /* Tests macOS.xctest */,
			);
			name = Products;
			sourceTree = "<group>";
		};
		EA831BA927A993A000828B30 /* macOS */ = {
			isa = PBXGroup;
			children = (
				EA831BAA27A993A000828B30 /* macOS.entitlements */,
			);
			path = macOS;
			sourceTree = "<group>";
		};
		EA831BB227A993A000828B30 /* Tests iOS */ = {
			isa = PBXGroup;
			children = (
				EA831BB327A993A000828B30 /* Tests_iOS.swift */,
				EA831BB527A993A000828B30 /* Tests_iOSLaunchTests.swift */,
			);
			path = "Tests iOS";
			sourceTree = "<group>";
		};
		EA831BBE27A993A000828B30 /* Tests macOS */ = {
			isa = PBXGroup;
			children = (
				EA831BBF27A993A000828B30 /* Tests_macOS.swift */,
				EA831BC127A993A000828B30 /* Tests_macOSLaunchTests.swift */,
			);
			path = "Tests macOS";
			sourceTree = "<group>";
		};
/* End PBXGroup section */

/* Begin PBXNativeTarget section */
		EA831BA127A993A000828B30 /* trabajoGit (iOS) */ = {
			isa = PBXNativeTarget;
			buildConfigurationList = EA831BCB27A993A000828B30 /* Build configuration list for PBXNativeTarget "trabajoGit (iOS)" */;
			buildPhases = (
				EA831B9E27A993A000828B30 /* Sources */,
				EA831B9F27A993A000828B30 /* Frameworks */,
				EA831BA027A993A000828B30 /* Resources */,
			);
			buildRules = (
			);
			dependencies = (
			);
			name = "trabajoGit (iOS)";
			productName = "trabajoGit (iOS)";
			productReference = EA831BA227A993A000828B30 /* trabajoGit.app */;
			productType = "com.apple.product-type.application";
		};
		EA831BA727A993A000828B30 /* trabajoGit (macOS) */ = {
			isa = PBXNativeTarget;
			buildConfigurationList = EA831BCE27A993A000828B30 /* Build configuration list for PBXNativeTarget "trabajoGit (macOS)" */;
			buildPhases = (
				EA831BA427A993A000828B30 /* Sources */,
				EA831BA527A993A000828B30 /* Frameworks */,
				EA831BA627A993A000828B30 /* Resources */,
			);
			buildRules = (
			);
			dependencies = (
			);
			name = "trabajoGit (macOS)";
			productName = "trabajoGit (macOS)";
			productReference = EA831BA827A993A000828B30 /* trabajoGit.app */;
			productType = "com.apple.product-type.application";
		};
		EA831BAE27A993A000828B30 /* Tests iOS */ = {
			isa = PBXNativeTarget;
			buildConfigurationList = EA831BD127A993A000828B30 /* Build configuration list for PBXNativeTarget "Tests iOS" */;
			buildPhases = (
				EA831BAB27A993A000828B30 /* Sources */,
				EA831BAC27A993A000828B30 /* Frameworks */,
				EA831BAD27A993A000828B30 /* Resources */,
			);
			buildRules = (
			);
			dependencies = (
				EA831BB127A993A000828B30 /* PBXTargetDependency */,
			);
			name = "Tests iOS";
			productName = "Tests iOS";
			productReference = EA831BAF27A993A000828B30 /* Tests iOS.xctest */;
			productType = "com.apple.product-type.bundle.ui-testing";
		};
		EA831BBA27A993A000828B30 /* Tests macOS */ = {
			isa = PBXNativeTarget;
			buildConfigurationList = EA831BD427A993A000828B30 /* Build configuration list for PBXNativeTarget "Tests macOS" */;
			buildPhases = (
				EA831BB727A993A000828B30 /* Sources */,
				EA831BB827A993A000828B30 /* Frameworks */,
				EA831BB927A993A000828B30 /* Resources */,
			);
			buildRules = (
			);
			dependencies = (
				EA831BBD27A993A000828B30 /* PBXTargetDependency */,
			);
			name = "Tests macOS";
			productName = "Tests macOS";
			productReference = EA831BBB27A993A000828B30 /* Tests macOS.xctest */;
			productType = "com.apple.product-type.bundle.ui-testing";
		};
/* End PBXNativeTarget section */

/* Begin PBXProject section */
		EA831B9627A9939D00828B30 /* Project object */ = {
			isa = PBXProject;
			attributes = {
				BuildIndependentTargetsInParallel = 1;
				LastSwiftUpdateCheck = 1320;
				LastUpgradeCheck = 1320;
				TargetAttributes = {
					EA831BA127A993A000828B30 = {
						CreatedOnToolsVersion = 13.2.1;
					};
					EA831BA727A993A000828B30 = {
						CreatedOnToolsVersion = 13.2.1;
					};
					EA831BAE27A993A000828B30 = {
						CreatedOnToolsVersion = 13.2.1;
						TestTargetID = EA831BA127A993A000828B30;
					};
					EA831BBA27A993A000828B30 = {
						CreatedOnToolsVersion = 13.2.1;
						TestTargetID = EA831BA727A993A000828B30;
					};
				};
			};
			buildConfigurationList = EA831B9927A9939D00828B30 /* Build configuration list for PBXProject "trabajoGit" */;
			compatibilityVersion = "Xcode 13.0";
			developmentRegion = en;
			hasScannedForEncodings = 0;
			knownRegions = (
				en,
				Base,
			);
			mainGroup = EA831B9527A9939D00828B30;
			productRefGroup = EA831BA327A993A000828B30 /* Products */;
			projectDirPath = "";
			projectRoot = "";
			targets = (
				EA831BA127A993A000828B30 /* trabajoGit (iOS) */,
				EA831BA727A993A000828B30 /* trabajoGit (macOS) */,
				EA831BAE27A993A000828B30 /* Tests iOS */,
				EA831BBA27A993A000828B30 /* Tests macOS */,
			);
		};
/* End PBXProject section */

/* Begin PBXResourcesBuildPhase section */
		EA831BA027A993A000828B30 /* Resources */ = {
			isa = PBXResourcesBuildPhase;
			buildActionMask = 2147483647;
			files = (
				EA831BC727A993A000828B30 /* Assets.xcassets in Resources */,
			);
			runOnlyForDeploymentPostprocessing = 0;
		};
		EA831BA627A993A000828B30 /* Resources */ = {
			isa = PBXResourcesBuildPhase;
			buildActionMask = 2147483647;
			files = (
				EA831BC827A993A000828B30 /* Assets.xcassets in Resources */,
			);
			runOnlyForDeploymentPostprocessing = 0;
		};
		EA831BAD27A993A000828B30 /* Resources */ = {
			isa = PBXResourcesBuildPhase;
			buildActionMask = 2147483647;
			files = (
			);
			runOnlyForDeploymentPostprocessing = 0;
		};
		EA831BB927A993A000828B30 /* Resources */ = {
			isa = PBXResourcesBuildPhase;
			buildActionMask = 2147483647;
			files = (
			);
			runOnlyForDeploymentPostprocessing = 0;
		};
/* End PBXResourcesBuildPhase section */

/* Begin PBXSourcesBuildPhase section */
		EA831B9E27A993A000828B30 /* Sources */ = {
			isa = PBXSourcesBuildPhase;
			buildActionMask = 2147483647;
			files = (
				EAB9EF6E27A9D58900A1B120 /* obsObject.swift in Sources */,
				EA831BC527A993A000828B30 /* ContentView.swift in Sources */,
				EAB9EF7127A9D6C500A1B120 /* stateEjemplo.swift in Sources */,
				EA831BC327A993A000828B30 /* trabajoGitApp.swift in Sources */,
			);
			runOnlyForDeploymentPostprocessing = 0;
		};
		EA831BA427A993A000828B30 /* Sources */ = {
			isa = PBXSourcesBuildPhase;
			buildActionMask = 2147483647;
			files = (
				EAB9EF6F27A9D58900A1B120 /* obsObject.swift in Sources */,
				EA831BC627A993A000828B30 /* ContentView.swift in Sources */,
				EAB9EF7227A9D6C500A1B120 /* stateEjemplo.swift in Sources */,
				EA831BC427A993A000828B30 /* trabajoGitApp.swift in Sources */,
			);
			runOnlyForDeploymentPostprocessing = 0;
		};
		EA831BAB27A993A000828B30 /* Sources */ = {
			isa = PBXSourcesBuildPhase;
			buildActionMask = 2147483647;
			files = (
				EA831BB627A993A000828B30 /* Tests_iOSLaunchTests.swift in Sources */,
				EA831BB427A993A000828B30 /* Tests_iOS.swift in Sources */,
			);
			runOnlyForDeploymentPostprocessing = 0;
		};
		EA831BB727A993A000828B30 /* Sources */ = {
			isa = PBXSourcesBuildPhase;
			buildActionMask = 2147483647;
			files = (
				EA831BC227A993A000828B30 /* Tests_macOSLaunchTests.swift in Sources */,
				EA831BC027A993A000828B30 /* Tests_macOS.swift in Sources */,
			);
			runOnlyForDeploymentPostprocessing = 0;
		};
/* End PBXSourcesBuildPhase section */

/* Begin PBXTargetDependency section */
		EA831BB127A993A000828B30 /* PBXTargetDependency */ = {
			isa = PBXTargetDependency;
			target = EA831BA127A993A000828B30 /* trabajoGit (iOS) */;
			targetProxy = EA831BB027A993A000828B30 /* PBXContainerItemProxy */;
		};
		EA831BBD27A993A000828B30 /* PBXTargetDependency */ = {
			isa = PBXTargetDependency;
			target = EA831BA727A993A000828B30 /* trabajoGit (macOS) */;
			targetProxy = EA831BBC27A993A000828B30 /* PBXContainerItemProxy */;
		};
/* End PBXTargetDependency section */

/* Begin XCBuildConfiguration section */
		EA831BC927A993A000828B30 /* Debug */ = {
			isa = XCBuildConfiguration;
			buildSettings = {
				ALWAYS_SEARCH_USER_PATHS = NO;
				CLANG_ANALYZER_NONNULL = YES;
				CLANG_ANALYZER_NUMBER_OBJECT_CONVERSION = YES_AGGRESSIVE;
				CLANG_CXX_LANGUAGE_STANDARD = "gnu++17";
				CLANG_CXX_LIBRARY = "libc++";
				CLANG_ENABLE_MODULES = YES;
				CLANG_ENABLE_OBJC_ARC = YES;
				CLANG_ENABLE_OBJC_WEAK = YES;
				CLANG_WARN_BLOCK_CAPTURE_AUTORELEASING = YES;
				CLANG_WARN_BOOL_CONVERSION = YES;
				CLANG_WARN_COMMA = YES;
				CLANG_WARN_CONSTANT_CONVERSION = YES;
				CLANG_WARN_DEPRECATED_OBJC_IMPLEMENTATIONS = YES;
				CLANG_WARN_DIRECT_OBJC_ISA_USAGE = YES_ERROR;
				CLANG_WARN_DOCUMENTATION_COMMENTS = YES;
				CLANG_WARN_EMPTY_BODY = YES;
				CLANG_WARN_ENUM_CONVERSION = YES;
				CLANG_WARN_INFINITE_RECURSION = YES;
				CLANG_WARN_INT_CONVERSION = YES;
				CLANG_WARN_NON_LITERAL_NULL_CONVERSION = YES;
				CLANG_WARN_OBJC_IMPLICIT_RETAIN_SELF = YES;
				CLANG_WARN_OBJC_LITERAL_CONVERSION = YES;
				CLANG_WARN_OBJC_ROOT_CLASS = YES_ERROR;
				CLANG_WARN_QUOTED_INCLUDE_IN_FRAMEWORK_HEADER = YES;
				CLANG_WARN_RANGE_LOOP_ANALYSIS = YES;
				CLANG_WARN_STRICT_PROTOTYPES = YES;
				CLANG_WARN_SUSPICIOUS_MOVE = YES;
				CLANG_WARN_UNGUARDED_AVAILABILITY = YES_AGGRESSIVE;
				CLANG_WARN_UNREACHABLE_CODE = YES;
				CLANG_WARN__DUPLICATE_METHOD_MATCH = YES;
				COPY_PHASE_STRIP = NO;
				DEBUG_INFORMATION_FORMAT = dwarf;
				ENABLE_STRICT_OBJC_MSGSEND = YES;
				ENABLE_TESTABILITY = YES;
				GCC_C_LANGUAGE_STANDARD = gnu11;
				GCC_DYNAMIC_NO_PIC = NO;
				GCC_NO_COMMON_BLOCKS = YES;
				GCC_OPTIMIZATION_LEVEL = 0;
				GCC_PREPROCESSOR_DEFINITIONS = (
					"DEBUG=1",
					"$(inherited)",
				);
				GCC_WARN_64_TO_32_BIT_CONVERSION = YES;
				GCC_WARN_ABOUT_RETURN_TYPE = YES_ERROR;
				GCC_WARN_UNDECLARED_SELECTOR = YES;
				GCC_WARN_UNINITIALIZED_AUTOS = YES_AGGRESSIVE;
				GCC_WARN_UNUSED_FUNCTION = YES;
				GCC_WARN_UNUSED_VARIABLE = YES;
				MTL_ENABLE_DEBUG_INFO = INCLUDE_SOURCE;
				MTL_FAST_MATH = YES;
				ONLY_ACTIVE_ARCH = YES;
				SWIFT_ACTIVE_COMPILATION_CONDITIONS = DEBUG;
				SWIFT_OPTIMIZATION_LEVEL = "-Onone";
			};
			name = Debug;
		};
		EA831BCA27A993A000828B30 /* Release */ = {
			isa = XCBuildConfiguration;
			buildSettings = {
				ALWAYS_SEARCH_USER_PATHS = NO;
				CLANG_ANALYZER_NONNULL = YES;
				CLANG_ANALYZER_NUMBER_OBJECT_CONVERSION = YES_AGGRESSIVE;
				CLANG_CXX_LANGUAGE_STANDARD = "gnu++17";
				CLANG_CXX_LIBRARY = "libc++";
				CLANG_ENABLE_MODULES = YES;
				CLANG_ENABLE_OBJC_ARC = YES;
				CLANG_ENABLE_OBJC_WEAK = YES;
				CLANG_WARN_BLOCK_CAPTURE_AUTORELEASING = YES;
				CLANG_WARN_BOOL_CONVERSION = YES;
				CLANG_WARN_COMMA = YES;
				CLANG_WARN_CONSTANT_CONVERSION = YES;
				CLANG_WARN_DEPRECATED_OBJC_IMPLEMENTATIONS = YES;
				CLANG_WARN_DIRECT_OBJC_ISA_USAGE = YES_ERROR;
				CLANG_WARN_DOCUMENTATION_COMMENTS = YES;
				CLANG_WARN_EMPTY_BODY = YES;
				CLANG_WARN_ENUM_CONVERSION = YES;
				CLANG_WARN_INFINITE_RECURSION = YES;
				CLANG_WARN_INT_CONVERSION = YES;
				CLANG_WARN_NON_LITERAL_NULL_CONVERSION = YES;
				CLANG_WARN_OBJC_IMPLICIT_RETAIN_SELF = YES;
				CLANG_WARN_OBJC_LITERAL_CONVERSION = YES;
				CLANG_WARN_OBJC_ROOT_CLASS = YES_ERROR;
				CLANG_WARN_QUOTED_INCLUDE_IN_FRAMEWORK_HEADER = YES;
				CLANG_WARN_RANGE_LOOP_ANALYSIS = YES;
				CLANG_WARN_STRICT_PROTOTYPES = YES;
				CLANG_WARN_SUSPICIOUS_MOVE = YES;
				CLANG_WARN_UNGUARDED_AVAILABILITY = YES_AGGRESSIVE;
				CLANG_WARN_UNREACHABLE_CODE = YES;
				CLANG_WARN__DUPLICATE_METHOD_MATCH = YES;
				COPY_PHASE_STRIP = NO;
				DEBUG_INFORMATION_FORMAT = "dwarf-with-dsym";
				ENABLE_NS_ASSERTIONS = NO;
				ENABLE_STRICT_OBJC_MSGSEND = YES;
				GCC_C_LANGUAGE_STANDARD = gnu11;
				GCC_NO_COMMON_BLOCKS = YES;
				GCC_WARN_64_TO_32_BIT_CONVERSION = YES;
				GCC_WARN_ABOUT_RETURN_TYPE = YES_ERROR;
				GCC_WARN_UNDECLARED_SELECTOR = YES;
				GCC_WARN_UNINITIALIZED_AUTOS = YES_AGGRESSIVE;
				GCC_WARN_UNUSED_FUNCTION = YES;
				GCC_WARN_UNUSED_VARIABLE = YES;
				MTL_ENABLE_DEBUG_INFO = NO;
				MTL_FAST_MATH = YES;
				SWIFT_COMPILATION_MODE = wholemodule;
				SWIFT_OPTIMIZATION_LEVEL = "-O";
			};
			name = Release;
		};
		EA831BCC27A993A000828B30 /* Debug */ = {
			isa = XCBuildConfiguration;
			buildSettings = {
				ASSETCATALOG_COMPILER_APPICON_NAME = AppIcon;
				ASSETCATALOG_COMPILER_GLOBAL_ACCENT_COLOR_NAME = AccentColor;
				CODE_SIGN_STYLE = Automatic;
				CURRENT_PROJECT_VERSION = 1;
				DEVELOPMENT_TEAM = 4PL6HSR297;
				ENABLE_PREVIEWS = YES;
				GENERATE_INFOPLIST_FILE = YES;
				INFOPLIST_KEY_UIApplicationSceneManifest_Generation = YES;
				INFOPLIST_KEY_UIApplicationSupportsIndirectInputEvents = YES;
				INFOPLIST_KEY_UILaunchScreen_Generation = YES;
				INFOPLIST_KEY_UISupportedInterfaceOrientations_iPad = "UIInterfaceOrientationPortrait UIInterfaceOrientationPortraitUpsideDown UIInterfaceOrientationLandscapeLeft UIInterfaceOrientationLandscapeRight";
				INFOPLIST_KEY_UISupportedInterfaceOrientations_iPhone = "UIInterfaceOrientationPortrait UIInterfaceOrientationLandscapeLeft UIInterfaceOrientationLandscapeRight";
				IPHONEOS_DEPLOYMENT_TARGET = 15.2;
				LD_RUNPATH_SEARCH_PATHS = (
					"$(inherited)",
					"@executable_path/Frameworks",
				);
				MARKETING_VERSION = 1.0;
				PRODUCT_BUNDLE_IDENTIFIER = cisneNegro.trabajoGit;
				PRODUCT_NAME = trabajoGit;
				SDKROOT = iphoneos;
				SWIFT_EMIT_LOC_STRINGS = YES;
				SWIFT_VERSION = 5.0;
				TARGETED_DEVICE_FAMILY = "1,2";
			};
			name = Debug;
		};
		EA831BCD27A993A000828B30 /* Release */ = {
			isa = XCBuildConfiguration;
			buildSettings = {
				ASSETCATALOG_COMPILER_APPICON_NAME = AppIcon;
				ASSETCATALOG_COMPILER_GLOBAL_ACCENT_COLOR_NAME = AccentColor;
				CODE_SIGN_STYLE = Automatic;
				CURRENT_PROJECT_VERSION = 1;
				DEVELOPMENT_TEAM = 4PL6HSR297;
				ENABLE_PREVIEWS = YES;
				GENERATE_INFOPLIST_FILE = YES;
				INFOPLIST_KEY_UIApplicationSceneManifest_Generation = YES;
				INFOPLIST_KEY_UIApplicationSupportsIndirectInputEvents = YES;
				INFOPLIST_KEY_UILaunchScreen_Generation = YES;
				INFOPLIST_KEY_UISupportedInterfaceOrientations_iPad = "UIInterfaceOrientationPortrait UIInterfaceOrientationPortraitUpsideDown UIInterfaceOrientationLandscapeLeft UIInterfaceOrientationLandscapeRight";
				INFOPLIST_KEY_UISupportedInterfaceOrientations_iPhone = "UIInterfaceOrientationPortrait UIInterfaceOrientationLandscapeLeft UIInterfaceOrientationLandscapeRight";
				IPHONEOS_DEPLOYMENT_TARGET = 15.2;
				LD_RUNPATH_SEARCH_PATHS = (
					"$(inherited)",
					"@executable_path/Frameworks",
				);
				MARKETING_VERSION = 1.0;
				PRODUCT_BUNDLE_IDENTIFIER = cisneNegro.trabajoGit;
				PRODUCT_NAME = trabajoGit;
				SDKROOT = iphoneos;
				SWIFT_EMIT_LOC_STRINGS = YES;
				SWIFT_VERSION = 5.0;
				TARGETED_DEVICE_FAMILY = "1,2";
				VALIDATE_PRODUCT = YES;
			};
			name = Release;
		};
		EA831BCF27A993A000828B30 /* Debug */ = {
			isa = XCBuildConfiguration;
			buildSettings = {
				ASSETCATALOG_COMPILER_APPICON_NAME = AppIcon;
				ASSETCATALOG_COMPILER_GLOBAL_ACCENT_COLOR_NAME = AccentColor;
				CODE_SIGN_ENTITLEMENTS = macOS/macOS.entitlements;
				CODE_SIGN_STYLE = Automatic;
				COMBINE_HIDPI_IMAGES = YES;
				CURRENT_PROJECT_VERSION = 1;
				DEVELOPMENT_TEAM = 4PL6HSR297;
				ENABLE_HARDENED_RUNTIME = YES;
				ENABLE_PREVIEWS = YES;
				GENERATE_INFOPLIST_FILE = YES;
				INFOPLIST_KEY_NSHumanReadableCopyright = "";
				LD_RUNPATH_SEARCH_PATHS = (
					"$(inherited)",
					"@executable_path/../Frameworks",
				);
				MACOSX_DEPLOYMENT_TARGET = 12.1;
				MARKETING_VERSION = 1.0;
				PRODUCT_BUNDLE_IDENTIFIER = cisneNegro.trabajoGit;
				PRODUCT_NAME = trabajoGit;
				SDKROOT = macosx;
				SWIFT_EMIT_LOC_STRINGS = YES;
				SWIFT_VERSION = 5.0;
			};
			name = Debug;
		};
		EA831BD027A993A000828B30 /* Release */ = {
			isa = XCBuildConfiguration;
			buildSettings = {
				ASSETCATALOG_COMPILER_APPICON_NAME = AppIcon;
				ASSETCATALOG_COMPILER_GLOBAL_ACCENT_COLOR_NAME = AccentColor;
				CODE_SIGN_ENTITLEMENTS = macOS/macOS.entitlements;
				CODE_SIGN_STYLE = Automatic;
				COMBINE_HIDPI_IMAGES = YES;
				CURRENT_PROJECT_VERSION = 1;
				DEVELOPMENT_TEAM = 4PL6HSR297;
				ENABLE_HARDENED_RUNTIME = YES;
				ENABLE_PREVIEWS = YES;
				GENERATE_INFOPLIST_FILE = YES;
				INFOPLIST_KEY_NSHumanReadableCopyright = "";
				LD_RUNPATH_SEARCH_PATHS = (
					"$(inherited)",
					"@executable_path/../Frameworks",
				);
				MACOSX_DEPLOYMENT_TARGET = 12.1;
				MARKETING_VERSION = 1.0;
				PRODUCT_BUNDLE_IDENTIFIER = cisneNegro.trabajoGit;
				PRODUCT_NAME = trabajoGit;
				SDKROOT = macosx;
				SWIFT_EMIT_LOC_STRINGS = YES;
				SWIFT_VERSION = 5.0;
			};
			name = Release;
		};
		EA831BD227A993A000828B30 /* Debug */ = {
			isa = XCBuildConfiguration;
			buildSettings = {
				ALWAYS_EMBED_SWIFT_STANDARD_LIBRARIES = YES;
				CODE_SIGN_STYLE = Automatic;
				CURRENT_PROJECT_VERSION = 1;
				DEVELOPMENT_TEAM = 4PL6HSR297;
				GENERATE_INFOPLIST_FILE = YES;
				IPHONEOS_DEPLOYMENT_TARGET = 15.2;
				MARKETING_VERSION = 1.0;
				PRODUCT_BUNDLE_IDENTIFIER = "cisneNegro.Tests-iOS";
				PRODUCT_NAME = "$(TARGET_NAME)";
				SDKROOT = iphoneos;
				SWIFT_EMIT_LOC_STRINGS = NO;
				SWIFT_VERSION = 5.0;
				TARGETED_DEVICE_FAMILY = "1,2";
				TEST_TARGET_NAME = "trabajoGit (iOS)";
			};
			name = Debug;
		};
		EA831BD327A993A000828B30 /* Release */ = {
			isa = XCBuildConfiguration;
			buildSettings = {
				ALWAYS_EMBED_SWIFT_STANDARD_LIBRARIES = YES;
				CODE_SIGN_STYLE = Automatic;
				CURRENT_PROJECT_VERSION = 1;
				DEVELOPMENT_TEAM = 4PL6HSR297;
				GENERATE_INFOPLIST_FILE = YES;
				IPHONEOS_DEPLOYMENT_TARGET = 15.2;
				MARKETING_VERSION = 1.0;
				PRODUCT_BUNDLE_IDENTIFIER = "cisneNegro.Tests-iOS";
				PRODUCT_NAME = "$(TARGET_NAME)";
				SDKROOT = iphoneos;
				SWIFT_EMIT_LOC_STRINGS = NO;
				SWIFT_VERSION = 5.0;
				TARGETED_DEVICE_FAMILY = "1,2";
				TEST_TARGET_NAME = "trabajoGit (iOS)";
				VALIDATE_PRODUCT = YES;
			};
			name = Release;
		};
		EA831BD527A993A000828B30 /* Debug */ = {
			isa = XCBuildConfiguration;
			buildSettings = {
				ALWAYS_EMBED_SWIFT_STANDARD_LIBRARIES = YES;
				CODE_SIGN_STYLE = Automatic;
				CURRENT_PROJECT_VERSION = 1;
				DEVELOPMENT_TEAM = 4PL6HSR297;
				GENERATE_INFOPLIST_FILE = YES;
				MACOSX_DEPLOYMENT_TARGET = 12.1;
				MARKETING_VERSION = 1.0;
				PRODUCT_BUNDLE_IDENTIFIER = "cisneNegro.Tests-macOS";
				PRODUCT_NAME = "$(TARGET_NAME)";
				SDKROOT = macosx;
				SWIFT_EMIT_LOC_STRINGS = NO;
				SWIFT_VERSION = 5.0;
				TEST_TARGET_NAME = "trabajoGit (macOS)";
			};
			name = Debug;
		};
		EA831BD627A993A000828B30 /* Release */ = {
			isa = XCBuildConfiguration;
			buildSettings = {
				ALWAYS_EMBED_SWIFT_STANDARD_LIBRARIES = YES;
				CODE_SIGN_STYLE = Automatic;
				CURRENT_PROJECT_VERSION = 1;
				DEVELOPMENT_TEAM = 4PL6HSR297;
				GENERATE_INFOPLIST_FILE = YES;
				MACOSX_DEPLOYMENT_TARGET = 12.1;
				MARKETING_VERSION = 1.0;
				PRODUCT_BUNDLE_IDENTIFIER = "cisneNegro.Tests-macOS";
				PRODUCT_NAME = "$(TARGET_NAME)";
				SDKROOT = macosx;
				SWIFT_EMIT_LOC_STRINGS = NO;
				SWIFT_VERSION = 5.0;
				TEST_TARGET_NAME = "trabajoGit (macOS)";
			};
			name = Release;
		};
/* End XCBuildConfiguration section */

/* Begin XCConfigurationList section */
		EA831B9927A9939D00828B30 /* Build configuration list for PBXProject "trabajoGit" */ = {
			isa = XCConfigurationList;
			buildConfigurations = (
				EA831BC927A993A000828B30 /* Debug */,
				EA831BCA27A993A000828B30 /* Release */,
			);
			defaultConfigurationIsVisible = 0;
			defaultConfigurationName = Release;
		};
		EA831BCB27A993A000828B30 /* Build configuration list for PBXNativeTarget "trabajoGit (iOS)" */ = {
			isa = XCConfigurationList;
			buildConfigurations = (
				EA831BCC27A993A000828B30 /* Debug */,
				EA831BCD27A993A000828B30 /* Release */,
			);
			defaultConfigurationIsVisible = 0;
			defaultConfigurationName = Release;
		};
		EA831BCE27A993A000828B30 /* Build configuration list for PBXNativeTarget "trabajoGit (macOS)" */ = {
			isa = XCConfigurationList;
			buildConfigurations = (
				EA831BCF27A993A000828B30 /* Debug */,
				EA831BD027A993A000828B30 /* Release */,
			);
			defaultConfigurationIsVisible = 0;
			defaultConfigurationName = Release;
		};
		EA831BD127A993A000828B30 /* Build configuration list for PBXNativeTarget "Tests iOS" */ = {
			isa = XCConfigurationList;
			buildConfigurations = (
				EA831BD227A993A000828B30 /* Debug */,
				EA831BD327A993A000828B30 /* Release */,
			);
			defaultConfigurationIsVisible = 0;
			defaultConfigurationName = Release;
		};
		EA831BD427A993A000828B30 /* Build configuration list for PBXNativeTarget "Tests macOS" */ = {
			isa = XCConfigurationList;
			buildConfigurations = (
				EA831BD527A993A000828B30 /* Debug */,
				EA831BD627A993A000828B30 /* Release */,
			);
			defaultConfigurationIsVisible = 0;
			defaultConfigurationName = Release;
		};
/* End XCConfigurationList section */
	};
	rootObject = EA831B9627A9939D00828B30 /* Project object */;
}
